
Microsoft Visual Studio Solution File, Format Version 11.00
# Visual Studio 2010
Project("{FAE04EC0-301F-11D3-BF4B-00C04F79EFBC}") = "Assembly-CSharp", "Assembly-CSharp.csproj", "{46d06057-2157-a019-6e78-2ff085dcd268}"
EndProject
Project("{FAE04EC0-301F-11D3-BF4B-00C04F79EFBC}") = "Assembly-CSharp-Editor", "Assembly-CSharp-Editor.csproj", "{9caf166a-b1bc-5e6a-1849-47acff056efe}"
EndProject
Global
	GlobalSection(SolutionConfigurationPlatforms) = preSolution
		Debug|Any CPU = Debug|Any CPU
		Release|Any CPU = Release|Any CPU
	EndGlobalSection
	GlobalSection(ProjectConfigurationPlatforms) = postSolution
		{46d06057-2157-a019-6e78-2ff085dcd268}.Debug|Any CPU.ActiveCfg = Debug|Any CPU
		{46d06057-2157-a019-6e78-2ff085dcd268}.Debug|Any CPU.Build.0 = Debug|Any CPU
		{46d06057-2157-a019-6e78-2ff085dcd268}.Release|Any CPU.ActiveCfg = Release|Any CPU
		{46d06057-2157-a019-6e78-2ff085dcd268}.Release|Any CPU.Build.0 = Release|Any CPU
		{9caf166a-b1bc-5e6a-1849-47acff056efe}.Debug|Any CPU.ActiveCfg = Debug|Any CPU
		{9caf166a-b1bc-5e6a-1849-47acff056efe}.Debug|Any CPU.Build.0 = Debug|Any CPU
		{9caf166a-b1bc-5e6a-1849-47acff056efe}.Release|Any CPU.ActiveCfg = Release|Any CPU
		{9caf166a-b1bc-5e6a-1849-47acff056efe}.Release|Any CPU.Build.0 = Release|Any CPU
	EndGlobalSection
	GlobalSection(SolutionProperties) = preSolution
		HideSolutionNode = FALSE
	EndGlobalSection
EndGlobal
